
Microsoft Visual Studio Solution File, Format Version 12.00
# Visual Studio 14
VisualStudioVersion = 14.0.24720.0
MinimumVisualStudioVersion = 10.0.40219.1
Project("{FAE04EC0-301F-11D3-BF4B-00C04F79EFBC}") = "Dominio", "Dominio\Dominio.csproj", "{1C2066F0-7160-40DB-81F7-09C4E5D62747}"
EndProject
Project("{FAE04EC0-301F-11D3-BF4B-00C04F79EFBC}") = "ControleDeProgramacoes", "ControleDeProgramacoes\ControleDeProgramacoes.csproj", "{4A7AB25F-C24E-44F2-9A8B-440A73B5697F}"
EndProject
Global
	GlobalSection(SolutionConfigurationPlatforms) = preSolution
		Debug|Any CPU = Debug|Any CPU
		Release|Any CPU = Release|Any CPU
	EndGlobalSection
	GlobalSection(ProjectConfigurationPlatforms) = postSolution
		{1C2066F0-7160-40DB-81F7-09C4E5D62747}.Debug|Any CPU.ActiveCfg = Debug|Any CPU
		{1C2066F0-7160-40DB-81F7-09C4E5D62747}.Debug|Any CPU.Build.0 = Debug|Any CPU
		{1C2066F0-7160-40DB-81F7-09C4E5D62747}.Release|Any CPU.ActiveCfg = Release|Any CPU
		{1C2066F0-7160-40DB-81F7-09C4E5D62747}.Release|Any CPU.Build.0 = Release|Any CPU
		{4A7AB25F-C24E-44F2-9A8B-440A73B5697F}.Debug|Any CPU.ActiveCfg = Debug|Any CPU
		{4A7AB25F-C24E-44F2-9A8B-440A73B5697F}.Debug|Any CPU.Build.0 = Debug|Any CPU
		{4A7AB25F-C24E-44F2-9A8B-440A73B5697F}.Release|Any CPU.ActiveCfg = Release|Any CPU
		{4A7AB25F-C24E-44F2-9A8B-440A73B5697F}.Release|Any CPU.Build.0 = Release|Any CPU
	EndGlobalSection
	GlobalSection(SolutionProperties) = preSolution
		HideSolutionNode = FALSE
	EndGlobalSection
EndGlobal
